{
  "machines": {
    "alert": {
      "hash": "33a921e4d2fd1cc02366f0f7f7b6a22cc1273d9e387049d8dd7a5a658601d1d3",
      "version": null
    },
    "book": {
      "hash": "73121e4a182f168f15289b74f7894db4aaf9432acbb9623ef6adef4c85e8fce4",
      "version": 1
    },
    "chase": {
      "hash": "bc6436827867487a26c116ccbf41ca1d681aeb405faab1dbd565a6bf60eb280d",
      "version": null
    },
    "iceberg": {
      "hash": "aecfc7ca58b86bec0dfe9ff34009632ca2a6086f98686ebad3be6c9a77e88ede",
      "version": null
    },
    "kill_switch": {
      "hash": "17b59ac925050940b6ae4c05cf34d6bab5f8345db7141157f106077b0e76dd40",
      "version": null
    },
    "leg": {
      "hash": "a7d8fb5d8c3e46a19ea85af406b2082032d8bf36d576f70760f077b337bb406a",
      "version": null
    },
    "live_gate": {
      "hash": "780accfd0086c18cff2ec4cd7a617d0c1f4b8adbcd2cc5366c16e9d485f4a9f1",
      "version": null
    },
    "oco": {
      "hash": "e09f72c6a367df565e4f89a056463faf653d3bbd8c60a9ed526456862e9ae6ba",
      "version": 1
    },
    "order": {
      "hash": "743dfaada4e382a4c29d40a582e454285aa3f4d5142b1ade45603086c8087255",
      "version": null
    },
    "paper_account": {
      "hash": "401363766fb6e94bd9b7b3fba839915d0fbbc81408b2c0d1c2ff47ff4044f1d9",
      "version": null
    },
    "position_protection": {
      "hash": "d95cda091facfeb7e8d02268348b961f54c0265b02e24d6ef331b4d38cdf0810",
      "version": null
    },
    "reconciliation": {
      "hash": "95c8954fe5e7d4184466b121b5370847240fb82aee806b38203e02a049c2e4b2",
      "version": 1
    },
    "recording": {
      "hash": "94b98b086b282493e4b227e326e35807691edec85956c506e51cdd1f6607499a",
      "version": 1
    },
    "replay": {
      "hash": "61dfccf1be3798287858298fc8ae9e8ec798512a835b895ea9adee7e4aac9c83",
      "version": null
    },
    "risk_lockout": {
      "hash": "08f11db6dab63f75b57b7694b7419b3e6e7d92588613af394df604cff57275e3",
      "version": null
    },
    "rule_instance": {
      "hash": "a60ff42011cf5787771681651d841d0f72c06ebb4accb2c9ea7b60d2ff067cb2",
      "version": null
    },
    "session": {
      "hash": "a6ac6e5bd897afff2533fcfcf027213aa5e6d022f8054d06232cf5a37dda178a",
      "version": 1
    },
    "trade_group": {
      "hash": "c54de416e173848558d862dc9295931befaa566247d4b8f50ebcf9766906e8d1",
      "version": null
    },
    "twap": {
      "hash": "c121934637d0f91163509161d7db728789851c9ba6f16279e065b609e6dd4fa4",
      "version": null
    },
    "ws_conn": {
      "hash": "4103c8cba47ad6c6dd1ef72c44182fda1ebd48cf278d29f39b502b58a4ad9b64",
      "version": null
    }
  },
  "schema_version": 1
}
